{
  "name": "bedrock-udp-relay",
  "version": "1.0.0",
  "lockfileVersion": 3,
  "requires": true,
  "packages": {
    "": {
      "name": "bedrock-udp-relay",
      "version": "1.0.0",
      "dependencies": {
        "elenora": "^1.1.2"
      },
      "engines": {
        "node": ">=18"
      }
    },
    "node_modules/elenora": {
      "version": "1.1.2",
      "resolved": "https://registry.npmjs.org/elenora/-/elenora-1.1.2.tgz",
      "integrity": "sha512-hvpwsI4TLvL1/RJVaHbr0gvAeWIn4TppDoMvCpKN29++3U64fduah1G1TRLcb35yk8143Mgz1H1xtNNktHsUOA==",
      "license": "MIT"
    }
  }
}
